
Microsoft Visual Studio Solution File, Format Version 12.00
# Visual Studio Version 17
VisualStudioVersion = 17.0.31919.166
MinimumVisualStudioVersion = 10.0.40219.1
Project("{FAE04EC0-301F-11D3-BF4B-00C04F79EFBC}") = "MemRecord", "MemRecord\MemRecord.csproj", "{02FE8A18-534F-402A-A321-8C8F79100DCC}"
EndProject
Global
	GlobalSection(SolutionConfigurationPlatforms) = preSolution
		Debug|Any CPU = Debug|Any CPU
		Release|Any CPU = Release|Any CPU
	EndGlobalSection
	GlobalSection(ProjectConfigurationPlatforms) = postSolution
		{02FE8A18-534F-402A-A321-8C8F79100DCC}.Debug|Any CPU.ActiveCfg = Debug|Any CPU
		{02FE8A18-534F-402A-A321-8C8F79100DCC}.Debug|Any CPU.Build.0 = Debug|Any CPU
		{02FE8A18-534F-402A-A321-8C8F79100DCC}.Release|Any CPU.ActiveCfg = Release|Any CPU
		{02FE8A18-534F-402A-A321-8C8F79100DCC}.Release|Any CPU.Build.0 = Release|Any CPU
	EndGlobalSection
	GlobalSection(SolutionProperties) = preSolution
		HideSolutionNode = FALSE
	EndGlobalSection
	GlobalSection(ExtensibilityGlobals) = postSolution
		SolutionGuid = {5482005D-AE8E-44A9-8D22-430656D49021}
	EndGlobalSection
EndGlobal
